
Microsoft Visual Studio Solution File, Format Version 12.00
# Visual Studio Version 16
VisualStudioVersion = 16.0.29613.14
MinimumVisualStudioVersion = 10.0.40219.1
Project("{2150E333-8FDC-42A3-9474-1A3956D46DE8}") = "Learn", "Learn", "{6B1B7F32-C80A-4953-8E5F-36A35A194F87}"
EndProject
Project("{2150E333-8FDC-42A3-9474-1A3956D46DE8}") = "Idea", "Idea", "{705F62B8-DF5A-427F-A6F6-2C6188571C6A}"
EndProject
Project("{9A19103F-16F7-4668-BE54-9A1E7A4F7556}") = "MVVM", "Idea\MVVM\MVVM.csproj", "{7FF1D869-E49D-4354-8BA2-E20304F478D0}"
EndProject
Project("{2150E333-8FDC-42A3-9474-1A3956D46DE8}") = "Librarys", "Librarys", "{8DE866A4-A2A1-4567-BCE4-61FAEE240351}"
EndProject
Project("{2150E333-8FDC-42A3-9474-1A3956D46DE8}") = "Core", "Core", "{66D36CB9-B00A-4F8C-A6FF-88FB6F69A1C2}"
EndProject
Project("{2150E333-8FDC-42A3-9474-1A3956D46DE8}") = "WPF", "WPF", "{82DC0363-580F-4AA3-B3D8-EF06F8D2A72C}"
EndProject
Project("{9A19103F-16F7-4668-BE54-9A1E7A4F7556}") = "Binding", "Idea\Binding\Binding.csproj", "{63480EB8-8E13-4AFC-B136-AF8A33D74AD4}"
EndProject
Project("{9A19103F-16F7-4668-BE54-9A1E7A4F7556}") = "ImgPlayer", "Librarys\WPF\ImgPlayer\ImgPlayer.csproj", "{F3D6CD8E-31B7-4D5B-A310-AB8B77CF80A6}"
EndProject
Project("{9A19103F-16F7-4668-BE54-9A1E7A4F7556}") = "UI", "Librarys\WPF\UI\UI.csproj", "{BE24FA72-B9B4-4AB9-B720-69C60C684714}"
EndProject
Project("{9A19103F-16F7-4668-BE54-9A1E7A4F7556}") = "Network", "Librarys\Core\Network\Network.csproj", "{07080B4D-5D08-4D5F-AB82-EA364A2F1264}"
EndProject
Project("{9A19103F-16F7-4668-BE54-9A1E7A4F7556}") = "SerailPort", "Librarys\Core\SerailPort\SerailPort.csproj", "{A7039B1B-8B03-429E-BE1F-29CE9AF03C14}"
EndProject
Project("{9A19103F-16F7-4668-BE54-9A1E7A4F7556}") = "String", "Librarys\Core\String\String.csproj", "{2EBDEAA3-2E5F-4F9E-96E3-C61470E996D8}"
EndProject
Project("{9A19103F-16F7-4668-BE54-9A1E7A4F7556}") = "System", "Librarys\Core\System\System.csproj", "{9E311C3E-8C55-45DB-B9A9-2645BF7A541A}"
EndProject
Project("{9A19103F-16F7-4668-BE54-9A1E7A4F7556}") = "NumericUpDown", "Librarys\WPF\NumericUpDown\NumericUpDown.csproj", "{7D694581-0711-4D49-A503-AFB50C2998B7}"
EndProject
Project("{9A19103F-16F7-4668-BE54-9A1E7A4F7556}") = "ConsoleApp", "Idea\ConsoleApp\ConsoleApp.csproj", "{D1667917-8FF4-4ADB-9A9A-A984F5492C4C}"
EndProject
Project("{9A19103F-16F7-4668-BE54-9A1E7A4F7556}") = "WindowsFormsApp", "Idea\WindowsFormsApp\WindowsFormsApp.csproj", "{10445ABF-8D8C-4F8D-A546-C841F1AF29ED}"
EndProject
Project("{2150E333-8FDC-42A3-9474-1A3956D46DE8}") = "Projects", "Projects", "{DC400BEA-3F75-4B91-9355-10FE3578997E}"
EndProject
Project("{9A19103F-16F7-4668-BE54-9A1E7A4F7556}") = "SqliteDb", "Librarys\Core\SqliteDb\SqliteDb.csproj", "{40459221-9751-496E-98F0-0F2E54574F77}"
EndProject
Project("{9A19103F-16F7-4668-BE54-9A1E7A4F7556}") = "WpfApp", "Idea\WpfApp\WpfApp.csproj", "{CEB029C0-662A-4BAB-9C60-F9D2D7829CAB}"
EndProject
Project("{9A19103F-16F7-4668-BE54-9A1E7A4F7556}") = "WebAppMVC", "Learn\WebAppMVC\WebAppMVC.csproj", "{DE9BA2F7-496C-4346-99FB-BF44409CF578}"
EndProject
Project("{9A19103F-16F7-4668-BE54-9A1E7A4F7556}") = "HAMS", "Projects\HAMS\HAMS.csproj", "{9F16639F-FA5A-4426-AD80-4041F5FCA789}"
EndProject
Project("{9A19103F-16F7-4668-BE54-9A1E7A4F7556}") = "Capture", "Idea\Capture\Capture.csproj", "{F65B3EF6-9A75-4A24-B3E7-0DBD68D902B4}"
EndProject
Project("{9A19103F-16F7-4668-BE54-9A1E7A4F7556}") = "NetSDKCS", "Librarys\Core\NetSDKCS\NetSDKCS.csproj", "{175CEDAF-AA63-46B7-9B63-5188FE6C0974}"
EndProject
Global
	GlobalSection(SolutionConfigurationPlatforms) = preSolution
		Debug|Any CPU = Debug|Any CPU
		Debug|x64 = Debug|x64
		Release|Any CPU = Release|Any CPU
		Release|x64 = Release|x64
	EndGlobalSection
	GlobalSection(ProjectConfigurationPlatforms) = postSolution
		{7FF1D869-E49D-4354-8BA2-E20304F478D0}.Debug|Any CPU.ActiveCfg = Debug|Any CPU
		{7FF1D869-E49D-4354-8BA2-E20304F478D0}.Debug|Any CPU.Build.0 = Debug|Any CPU
		{7FF1D869-E49D-4354-8BA2-E20304F478D0}.Debug|x64.ActiveCfg = Debug|x64
		{7FF1D869-E49D-4354-8BA2-E20304F478D0}.Debug|x64.Build.0 = Debug|x64
		{7FF1D869-E49D-4354-8BA2-E20304F478D0}.Release|Any CPU.ActiveCfg = Release|Any CPU
		{7FF1D869-E49D-4354-8BA2-E20304F478D0}.Release|Any CPU.Build.0 = Release|Any CPU
		{7FF1D869-E49D-4354-8BA2-E20304F478D0}.Release|x64.ActiveCfg = Release|x64
		{7FF1D869-E49D-4354-8BA2-E20304F478D0}.Release|x64.Build.0 = Release|x64
		{63480EB8-8E13-4AFC-B136-AF8A33D74AD4}.Debug|Any CPU.ActiveCfg = Debug|Any CPU
		{63480EB8-8E13-4AFC-B136-AF8A33D74AD4}.Debug|Any CPU.Build.0 = Debug|Any CPU
		{63480EB8-8E13-4AFC-B136-AF8A33D74AD4}.Debug|x64.ActiveCfg = Debug|x64
		{63480EB8-8E13-4AFC-B136-AF8A33D74AD4}.Debug|x64.Build.0 = Debug|x64
		{63480EB8-8E13-4AFC-B136-AF8A33D74AD4}.Release|Any CPU.ActiveCfg = Release|Any CPU
		{63480EB8-8E13-4AFC-B136-AF8A33D74AD4}.Release|Any CPU.Build.0 = Release|Any CPU
		{63480EB8-8E13-4AFC-B136-AF8A33D74AD4}.Release|x64.ActiveCfg = Release|x64
		{63480EB8-8E13-4AFC-B136-AF8A33D74AD4}.Release|x64.Build.0 = Release|x64
		{F3D6CD8E-31B7-4D5B-A310-AB8B77CF80A6}.Debug|Any CPU.ActiveCfg = Debug|Any CPU
		{F3D6CD8E-31B7-4D5B-A310-AB8B77CF80A6}.Debug|Any CPU.Build.0 = Debug|Any CPU
		{F3D6CD8E-31B7-4D5B-A310-AB8B77CF80A6}.Debug|x64.ActiveCfg = Debug|x64
		{F3D6CD8E-31B7-4D5B-A310-AB8B77CF80A6}.Debug|x64.Build.0 = Debug|x64
		{F3D6CD8E-31B7-4D5B-A310-AB8B77CF80A6}.Release|Any CPU.ActiveCfg = Release|Any CPU
		{F3D6CD8E-31B7-4D5B-A310-AB8B77CF80A6}.Release|Any CPU.Build.0 = Release|Any CPU
		{F3D6CD8E-31B7-4D5B-A310-AB8B77CF80A6}.Release|x64.ActiveCfg = Release|x64
		{F3D6CD8E-31B7-4D5B-A310-AB8B77CF80A6}.Release|x64.Build.0 = Release|x64
		{BE24FA72-B9B4-4AB9-B720-69C60C684714}.Debug|Any CPU.ActiveCfg = Debug|Any CPU
		{BE24FA72-B9B4-4AB9-B720-69C60C684714}.Debug|Any CPU.Build.0 = Debug|Any CPU
		{BE24FA72-B9B4-4AB9-B720-69C60C684714}.Debug|x64.ActiveCfg = Debug|x64
		{BE24FA72-B9B4-4AB9-B720-69C60C684714}.Debug|x64.Build.0 = Debug|x64
		{BE24FA72-B9B4-4AB9-B720-69C60C684714}.Release|Any CPU.ActiveCfg = Release|Any CPU
		{BE24FA72-B9B4-4AB9-B720-69C60C684714}.Release|Any CPU.Build.0 = Release|Any CPU
		{BE24FA72-B9B4-4AB9-B720-69C60C684714}.Release|x64.ActiveCfg = Release|x64
		{BE24FA72-B9B4-4AB9-B720-69C60C684714}.Release|x64.Build.0 = Release|x64
		{07080B4D-5D08-4D5F-AB82-EA364A2F1264}.Debug|Any CPU.ActiveCfg = Debug|Any CPU
		{07080B4D-5D08-4D5F-AB82-EA364A2F1264}.Debug|Any CPU.Build.0 = Debug|Any CPU
		{07080B4D-5D08-4D5F-AB82-EA364A2F1264}.Debug|x64.ActiveCfg = Debug|x64
		{07080B4D-5D08-4D5F-AB82-EA364A2F1264}.Debug|x64.Build.0 = Debug|x64
		{07080B4D-5D08-4D5F-AB82-EA364A2F1264}.Release|Any CPU.ActiveCfg = Release|Any CPU
		{07080B4D-5D08-4D5F-AB82-EA364A2F1264}.Release|Any CPU.Build.0 = Release|Any CPU
		{07080B4D-5D08-4D5F-AB82-EA364A2F1264}.Release|x64.ActiveCfg = Release|x64
		{07080B4D-5D08-4D5F-AB82-EA364A2F1264}.Release|x64.Build.0 = Release|x64
		{A7039B1B-8B03-429E-BE1F-29CE9AF03C14}.Debug|Any CPU.ActiveCfg = Debug|Any CPU
		{A7039B1B-8B03-429E-BE1F-29CE9AF03C14}.Debug|Any CPU.Build.0 = Debug|Any CPU
		{A7039B1B-8B03-429E-BE1F-29CE9AF03C14}.Debug|x64.ActiveCfg = Debug|x64
		{A7039B1B-8B03-429E-BE1F-29CE9AF03C14}.Debug|x64.Build.0 = Debug|x64
		{A7039B1B-8B03-429E-BE1F-29CE9AF03C14}.Release|Any CPU.ActiveCfg = Release|Any CPU
		{A7039B1B-8B03-429E-BE1F-29CE9AF03C14}.Release|Any CPU.Build.0 = Release|Any CPU
		{A7039B1B-8B03-429E-BE1F-29CE9AF03C14}.Release|x64.ActiveCfg = Release|x64
		{A7039B1B-8B03-429E-BE1F-29CE9AF03C14}.Release|x64.Build.0 = Release|x64
		{2EBDEAA3-2E5F-4F9E-96E3-C61470E996D8}.Debug|Any CPU.ActiveCfg = Debug|Any CPU
		{2EBDEAA3-2E5F-4F9E-96E3-C61470E996D8}.Debug|Any CPU.Build.0 = Debug|Any CPU
		{2EBDEAA3-2E5F-4F9E-96E3-C61470E996D8}.Debug|x64.ActiveCfg = Debug|x64
		{2EBDEAA3-2E5F-4F9E-96E3-C61470E996D8}.Debug|x64.Build.0 = Debug|x64
		{2EBDEAA3-2E5F-4F9E-96E3-C61470E996D8}.Release|Any CPU.ActiveCfg = Release|Any CPU
		{2EBDEAA3-2E5F-4F9E-96E3-C61470E996D8}.Release|Any CPU.Build.0 = Release|Any CPU
		{2EBDEAA3-2E5F-4F9E-96E3-C61470E996D8}.Release|x64.ActiveCfg = Release|x64
		{2EBDEAA3-2E5F-4F9E-96E3-C61470E996D8}.Release|x64.Build.0 = Release|x64
		{9E311C3E-8C55-45DB-B9A9-2645BF7A541A}.Debug|Any CPU.ActiveCfg = Debug|Any CPU
		{9E311C3E-8C55-45DB-B9A9-2645BF7A541A}.Debug|Any CPU.Build.0 = Debug|Any CPU
		{9E311C3E-8C55-45DB-B9A9-2645BF7A541A}.Debug|x64.ActiveCfg = Debug|x64
		{9E311C3E-8C55-45DB-B9A9-2645BF7A541A}.Debug|x64.Build.0 = Debug|x64
		{9E311C3E-8C55-45DB-B9A9-2645BF7A541A}.Release|Any CPU.ActiveCfg = Release|Any CPU
		{9E311C3E-8C55-45DB-B9A9-2645BF7A541A}.Release|Any CPU.Build.0 = Release|Any CPU
		{9E311C3E-8C55-45DB-B9A9-2645BF7A541A}.Release|x64.ActiveCfg = Release|x64
		{9E311C3E-8C55-45DB-B9A9-2645BF7A541A}.Release|x64.Build.0 = Release|x64
		{7D694581-0711-4D49-A503-AFB50C2998B7}.Debug|Any CPU.ActiveCfg = Debug|Any CPU
		{7D694581-0711-4D49-A503-AFB50C2998B7}.Debug|Any CPU.Build.0 = Debug|Any CPU
		{7D694581-0711-4D49-A503-AFB50C2998B7}.Debug|x64.ActiveCfg = Debug|x64
		{7D694581-0711-4D49-A503-AFB50C2998B7}.Debug|x64.Build.0 = Debug|x64
		{7D694581-0711-4D49-A503-AFB50C2998B7}.Release|Any CPU.ActiveCfg = Release|Any CPU
		{7D694581-0711-4D49-A503-AFB50C2998B7}.Release|Any CPU.Build.0 = Release|Any CPU
		{7D694581-0711-4D49-A503-AFB50C2998B7}.Release|x64.ActiveCfg = Release|x64
		{7D694581-0711-4D49-A503-AFB50C2998B7}.Release|x64.Build.0 = Release|x64
		{D1667917-8FF4-4ADB-9A9A-A984F5492C4C}.Debug|Any CPU.ActiveCfg = Debug|Any CPU
		{D1667917-8FF4-4ADB-9A9A-A984F5492C4C}.Debug|Any CPU.Build.0 = Debug|Any CPU
		{D1667917-8FF4-4ADB-9A9A-A984F5492C4C}.Debug|x64.ActiveCfg = Debug|x64
		{D1667917-8FF4-4ADB-9A9A-A984F5492C4C}.Debug|x64.Build.0 = Debug|x64
		{D1667917-8FF4-4ADB-9A9A-A984F5492C4C}.Release|Any CPU.ActiveCfg = Release|Any CPU
		{D1667917-8FF4-4ADB-9A9A-A984F5492C4C}.Release|Any CPU.Build.0 = Release|Any CPU
		{D1667917-8FF4-4ADB-9A9A-A984F5492C4C}.Release|x64.ActiveCfg = Release|x64
		{D1667917-8FF4-4ADB-9A9A-A984F5492C4C}.Release|x64.Build.0 = Release|x64
		{10445ABF-8D8C-4F8D-A546-C841F1AF29ED}.Debug|Any CPU.ActiveCfg = Debug|Any CPU
		{10445ABF-8D8C-4F8D-A546-C841F1AF29ED}.Debug|Any CPU.Build.0 = Debug|Any CPU
		{10445ABF-8D8C-4F8D-A546-C841F1AF29ED}.Debug|x64.ActiveCfg = Debug|x64
		{10445ABF-8D8C-4F8D-A546-C841F1AF29ED}.Debug|x64.Build.0 = Debug|x64
		{10445ABF-8D8C-4F8D-A546-C841F1AF29ED}.Release|Any CPU.ActiveCfg = Release|Any CPU
		{10445ABF-8D8C-4F8D-A546-C841F1AF29ED}.Release|Any CPU.Build.0 = Release|Any CPU
		{10445ABF-8D8C-4F8D-A546-C841F1AF29ED}.Release|x64.ActiveCfg = Release|x64
		{10445ABF-8D8C-4F8D-A546-C841F1AF29ED}.Release|x64.Build.0 = Release|x64
		{40459221-9751-496E-98F0-0F2E54574F77}.Debug|Any CPU.ActiveCfg = Debug|Any CPU
		{40459221-9751-496E-98F0-0F2E54574F77}.Debug|Any CPU.Build.0 = Debug|Any CPU
		{40459221-9751-496E-98F0-0F2E54574F77}.Debug|x64.ActiveCfg = Debug|x64
		{40459221-9751-496E-98F0-0F2E54574F77}.Debug|x64.Build.0 = Debug|x64
		{40459221-9751-496E-98F0-0F2E54574F77}.Release|Any CPU.ActiveCfg = Release|Any CPU
		{40459221-9751-496E-98F0-0F2E54574F77}.Release|Any CPU.Build.0 = Release|Any CPU
		{40459221-9751-496E-98F0-0F2E54574F77}.Release|x64.ActiveCfg = Release|x64
		{40459221-9751-496E-98F0-0F2E54574F77}.Release|x64.Build.0 = Release|x64
		{CEB029C0-662A-4BAB-9C60-F9D2D7829CAB}.Debug|Any CPU.ActiveCfg = Debug|Any CPU
		{CEB029C0-662A-4BAB-9C60-F9D2D7829CAB}.Debug|Any CPU.Build.0 = Debug|Any CPU
		{CEB029C0-662A-4BAB-9C60-F9D2D7829CAB}.Debug|x64.ActiveCfg = Debug|x64
		{CEB029C0-662A-4BAB-9C60-F9D2D7829CAB}.Debug|x64.Build.0 = Debug|x64
		{CEB029C0-662A-4BAB-9C60-F9D2D7829CAB}.Release|Any CPU.ActiveCfg = Release|Any CPU
		{CEB029C0-662A-4BAB-9C60-F9D2D7829CAB}.Release|Any CPU.Build.0 = Release|Any CPU
		{CEB029C0-662A-4BAB-9C60-F9D2D7829CAB}.Release|x64.ActiveCfg = Release|x64
		{CEB029C0-662A-4BAB-9C60-F9D2D7829CAB}.Release|x64.Build.0 = Release|x64
		{DE9BA2F7-496C-4346-99FB-BF44409CF578}.Debug|Any CPU.ActiveCfg = Debug|Any CPU
		{DE9BA2F7-496C-4346-99FB-BF44409CF578}.Debug|Any CPU.Build.0 = Debug|Any CPU
		{DE9BA2F7-496C-4346-99FB-BF44409CF578}.Debug|x64.ActiveCfg = Debug|x64
		{DE9BA2F7-496C-4346-99FB-BF44409CF578}.Debug|x64.Build.0 = Debug|x64
		{DE9BA2F7-496C-4346-99FB-BF44409CF578}.Release|Any CPU.ActiveCfg = Release|Any CPU
		{DE9BA2F7-496C-4346-99FB-BF44409CF578}.Release|Any CPU.Build.0 = Release|Any CPU
		{DE9BA2F7-496C-4346-99FB-BF44409CF578}.Release|x64.ActiveCfg = Release|x64
		{DE9BA2F7-496C-4346-99FB-BF44409CF578}.Release|x64.Build.0 = Release|x64
		{9F16639F-FA5A-4426-AD80-4041F5FCA789}.Debug|Any CPU.ActiveCfg = Debug|Any CPU
		{9F16639F-FA5A-4426-AD80-4041F5FCA789}.Debug|Any CPU.Build.0 = Debug|Any CPU
		{9F16639F-FA5A-4426-AD80-4041F5FCA789}.Debug|x64.ActiveCfg = Debug|x64
		{9F16639F-FA5A-4426-AD80-4041F5FCA789}.Debug|x64.Build.0 = Debug|x64
		{9F16639F-FA5A-4426-AD80-4041F5FCA789}.Release|Any CPU.ActiveCfg = Release|Any CPU
		{9F16639F-FA5A-4426-AD80-4041F5FCA789}.Release|Any CPU.Build.0 = Release|Any CPU
		{9F16639F-FA5A-4426-AD80-4041F5FCA789}.Release|x64.ActiveCfg = Release|x64
		{9F16639F-FA5A-4426-AD80-4041F5FCA789}.Release|x64.Build.0 = Release|x64
		{F65B3EF6-9A75-4A24-B3E7-0DBD68D902B4}.Debug|Any CPU.ActiveCfg = Debug|Any CPU
		{F65B3EF6-9A75-4A24-B3E7-0DBD68D902B4}.Debug|Any CPU.Build.0 = Debug|Any CPU
		{F65B3EF6-9A75-4A24-B3E7-0DBD68D902B4}.Debug|x64.ActiveCfg = Debug|x64
		{F65B3EF6-9A75-4A24-B3E7-0DBD68D902B4}.Debug|x64.Build.0 = Debug|x64
		{F65B3EF6-9A75-4A24-B3E7-0DBD68D902B4}.Release|Any CPU.ActiveCfg = Release|Any CPU
		{F65B3EF6-9A75-4A24-B3E7-0DBD68D902B4}.Release|Any CPU.Build.0 = Release|Any CPU
		{F65B3EF6-9A75-4A24-B3E7-0DBD68D902B4}.Release|x64.ActiveCfg = Release|x64
		{F65B3EF6-9A75-4A24-B3E7-0DBD68D902B4}.Release|x64.Build.0 = Release|x64
		{175CEDAF-AA63-46B7-9B63-5188FE6C0974}.Debug|Any CPU.ActiveCfg = Debug|Any CPU
		{175CEDAF-AA63-46B7-9B63-5188FE6C0974}.Debug|Any CPU.Build.0 = Debug|Any CPU
		{175CEDAF-AA63-46B7-9B63-5188FE6C0974}.Debug|x64.ActiveCfg = Debug|x64
		{175CEDAF-AA63-46B7-9B63-5188FE6C0974}.Debug|x64.Build.0 = Debug|x64
		{175CEDAF-AA63-46B7-9B63-5188FE6C0974}.Release|Any CPU.ActiveCfg = Release|Any CPU
		{175CEDAF-AA63-46B7-9B63-5188FE6C0974}.Release|Any CPU.Build.0 = Release|Any CPU
		{175CEDAF-AA63-46B7-9B63-5188FE6C0974}.Release|x64.ActiveCfg = Release|x64
		{175CEDAF-AA63-46B7-9B63-5188FE6C0974}.Release|x64.Build.0 = Release|x64
	EndGlobalSection
	GlobalSection(SolutionProperties) = preSolution
		HideSolutionNode = FALSE
	EndGlobalSection
	GlobalSection(NestedProjects) = preSolution
		{7FF1D869-E49D-4354-8BA2-E20304F478D0} = {705F62B8-DF5A-427F-A6F6-2C6188571C6A}
		{66D36CB9-B00A-4F8C-A6FF-88FB6F69A1C2} = {8DE866A4-A2A1-4567-BCE4-61FAEE240351}
		{82DC0363-580F-4AA3-B3D8-EF06F8D2A72C} = {8DE866A4-A2A1-4567-BCE4-61FAEE240351}
		{63480EB8-8E13-4AFC-B136-AF8A33D74AD4} = {705F62B8-DF5A-427F-A6F6-2C6188571C6A}
		{F3D6CD8E-31B7-4D5B-A310-AB8B77CF80A6} = {82DC0363-580F-4AA3-B3D8-EF06F8D2A72C}
		{BE24FA72-B9B4-4AB9-B720-69C60C684714} = {82DC0363-580F-4AA3-B3D8-EF06F8D2A72C}
		{07080B4D-5D08-4D5F-AB82-EA364A2F1264} = {66D36CB9-B00A-4F8C-A6FF-88FB6F69A1C2}
		{A7039B1B-8B03-429E-BE1F-29CE9AF03C14} = {66D36CB9-B00A-4F8C-A6FF-88FB6F69A1C2}
		{2EBDEAA3-2E5F-4F9E-96E3-C61470E996D8} = {66D36CB9-B00A-4F8C-A6FF-88FB6F69A1C2}
		{9E311C3E-8C55-45DB-B9A9-2645BF7A541A} = {66D36CB9-B00A-4F8C-A6FF-88FB6F69A1C2}
		{7D694581-0711-4D49-A503-AFB50C2998B7} = {82DC0363-580F-4AA3-B3D8-EF06F8D2A72C}
		{D1667917-8FF4-4ADB-9A9A-A984F5492C4C} = {705F62B8-DF5A-427F-A6F6-2C6188571C6A}
		{10445ABF-8D8C-4F8D-A546-C841F1AF29ED} = {705F62B8-DF5A-427F-A6F6-2C6188571C6A}
		{40459221-9751-496E-98F0-0F2E54574F77} = {66D36CB9-B00A-4F8C-A6FF-88FB6F69A1C2}
		{CEB029C0-662A-4BAB-9C60-F9D2D7829CAB} = {705F62B8-DF5A-427F-A6F6-2C6188571C6A}
		{DE9BA2F7-496C-4346-99FB-BF44409CF578} = {6B1B7F32-C80A-4953-8E5F-36A35A194F87}
		{9F16639F-FA5A-4426-AD80-4041F5FCA789} = {DC400BEA-3F75-4B91-9355-10FE3578997E}
		{F65B3EF6-9A75-4A24-B3E7-0DBD68D902B4} = {705F62B8-DF5A-427F-A6F6-2C6188571C6A}
		{175CEDAF-AA63-46B7-9B63-5188FE6C0974} = {66D36CB9-B00A-4F8C-A6FF-88FB6F69A1C2}
	EndGlobalSection
	GlobalSection(ExtensibilityGlobals) = postSolution
		SolutionGuid = {A5F44631-1CC9-418D-8DB8-DF921C5176E3}
	EndGlobalSection
EndGlobal
