
Microsoft Visual Studio Solution File, Format Version 12.00
# Visual Studio Version 16
VisualStudioVersion = 16.0.29613.14
MinimumVisualStudioVersion = 10.0.40219.1
Project("{2150E333-8FDC-42A3-9474-1A3956D46DE8}") = "Learn", "Learn", "{6B1B7F32-C80A-4953-8E5F-36A35A194F87}"
EndProject
Project("{9A19103F-16F7-4668-BE54-9A1E7A4F7556}") = "EnvironmentSample", "Learn\EnvironmentSample\EnvironmentSample.csproj", "{AF5428D4-03DF-4AE4-876B-C3F9DBDF9FDF}"
EndProject
Project("{2150E333-8FDC-42A3-9474-1A3956D46DE8}") = "Idea", "Idea", "{705F62B8-DF5A-427F-A6F6-2C6188571C6A}"
EndProject
Project("{9A19103F-16F7-4668-BE54-9A1E7A4F7556}") = "MVVM", "Idea\MVVM\MVVM.csproj", "{7FF1D869-E49D-4354-8BA2-E20304F478D0}"
EndProject
Project("{FAE04EC0-301F-11D3-BF4B-00C04F79EFBC}") = "Binding", "Binding\Binding.csproj", "{9B9311DA-5450-4485-83CB-AE0B8DC21292}"
EndProject
Global
	GlobalSection(SolutionConfigurationPlatforms) = preSolution
		Debug|Any CPU = Debug|Any CPU
		Release|Any CPU = Release|Any CPU
	EndGlobalSection
	GlobalSection(ProjectConfigurationPlatforms) = postSolution
		{AF5428D4-03DF-4AE4-876B-C3F9DBDF9FDF}.Debug|Any CPU.ActiveCfg = Debug|Any CPU
		{AF5428D4-03DF-4AE4-876B-C3F9DBDF9FDF}.Debug|Any CPU.Build.0 = Debug|Any CPU
		{AF5428D4-03DF-4AE4-876B-C3F9DBDF9FDF}.Release|Any CPU.ActiveCfg = Release|Any CPU
		{AF5428D4-03DF-4AE4-876B-C3F9DBDF9FDF}.Release|Any CPU.Build.0 = Release|Any CPU
		{7FF1D869-E49D-4354-8BA2-E20304F478D0}.Debug|Any CPU.ActiveCfg = Debug|Any CPU
		{7FF1D869-E49D-4354-8BA2-E20304F478D0}.Debug|Any CPU.Build.0 = Debug|Any CPU
		{7FF1D869-E49D-4354-8BA2-E20304F478D0}.Release|Any CPU.ActiveCfg = Release|Any CPU
		{7FF1D869-E49D-4354-8BA2-E20304F478D0}.Release|Any CPU.Build.0 = Release|Any CPU
		{9B9311DA-5450-4485-83CB-AE0B8DC21292}.Debug|Any CPU.ActiveCfg = Debug|Any CPU
		{9B9311DA-5450-4485-83CB-AE0B8DC21292}.Debug|Any CPU.Build.0 = Debug|Any CPU
		{9B9311DA-5450-4485-83CB-AE0B8DC21292}.Release|Any CPU.ActiveCfg = Release|Any CPU
		{9B9311DA-5450-4485-83CB-AE0B8DC21292}.Release|Any CPU.Build.0 = Release|Any CPU
	EndGlobalSection
	GlobalSection(SolutionProperties) = preSolution
		HideSolutionNode = FALSE
	EndGlobalSection
	GlobalSection(NestedProjects) = preSolution
		{AF5428D4-03DF-4AE4-876B-C3F9DBDF9FDF} = {6B1B7F32-C80A-4953-8E5F-36A35A194F87}
		{7FF1D869-E49D-4354-8BA2-E20304F478D0} = {705F62B8-DF5A-427F-A6F6-2C6188571C6A}
		{9B9311DA-5450-4485-83CB-AE0B8DC21292} = {705F62B8-DF5A-427F-A6F6-2C6188571C6A}
	EndGlobalSection
	GlobalSection(ExtensibilityGlobals) = postSolution
		SolutionGuid = {A5F44631-1CC9-418D-8DB8-DF921C5176E3}
	EndGlobalSection
EndGlobal
